# THIS IS AN AUTOGENERATED FILE. DO NOT EDIT THIS FILE DIRECTLY.
# yarn lockfile v1


"@babel/runtime@^7.6.3":
  version "7.12.13"
  resolved "https://registry.yarnpkg.com/@babel/runtime/-/runtime-7.12.13.tgz#0a21452352b02542db0ffb928ac2d3ca7cb6d66d"
  integrity sha512-8+3UMPBrjFa/6TtKi/7sehPKqfAm4g6K+YQjyyFOLUTxzOngcRZTlAVY8sc2CORJYqdHQY8gRPHmn+qo15rCBw==
  dependencies:
    regenerator-runtime "^0.13.4"

h5p-standalone@^2.2.0:
  version "2.2.0"
  resolved "https://registry.yarnpkg.com/h5p-standalone/-/h5p-standalone-2.2.0.tgz#823c61f055d77b7ee6d6e4c652ca81afef7187ec"
  integrity sha512-I+n/rnb6uim7oLlTa9QMWPz/a70zKHubSLvNEnz1Lp/rXsVD6UEb9KoSeQZSbmcB6TCd6SNxN4PRL5FDTCd9sg==
  dependencies:
    "@babel/runtime" "^7.6.3"
    jquery "~3.4.1"
    toposort-class "^1.0.1"

jquery@~3.4.1:
  version "3.4.1"
  resolved "https://registry.yarnpkg.com/jquery/-/jquery-3.4.1.tgz#714f1f8d9dde4bdfa55764ba37ef214630d80ef2"
  integrity sha512-36+AdBzCL+y6qjw5Tx7HgzeGCzC81MDDgaUP8ld2zhx58HdqXGoBd+tHdrBMiyjGQs0Hxs/MLZTu/eHNJJuWPw==

regenerator-runtime@^0.13.4:
  version "0.13.7"
  resolved "https://registry.yarnpkg.com/regenerator-runtime/-/regenerator-runtime-0.13.7.tgz#cac2dacc8a1ea675feaabaeb8ae833898ae46f55"
  integrity sha512-a54FxoJDIr27pgf7IgeQGxmqUNYrcV338lf/6gH456HZ/PhX+5BcwHXG9ajESmwe6WRO0tAzRUrRmNONWgkrew==

toposort-class@^1.0.1:
  version "1.0.1"
  resolved "https://registry.yarnpkg.com/toposort-class/-/toposort-class-1.0.1.tgz#7ffd1f78c8be28c3ba45cd4e1a3f5ee193bd9988"
  integrity sha1-f/0feMi+KMO6Rc1OGj9e4ZO9mYg=
